<Solution>
  <Folder Name="/1. Shared/">
    <Project Path="src/shared/CascadeEsdm.SharedKernel.Abstractions/CascadeEsdm.SharedKernel.Abstractions.csproj" />
    <Project Path="src/shared/CascadeEsdm.SharedKernel/CascadeEsdm.SharedKernel.csproj" />
  </Folder>
  <Folder Name="/2. Write/">
    <Project Path="src/write/CascadeEsdm.WriteModel.Abstractions/CascadeEsdm.WriteModel.Abstractions.csproj" />
    <Project Path="src/write/CascadeEsdm.WriteModel/CascadeEsdm.WriteModel.csproj" />
  </Folder>
  <Folder Name="/3. Read/">
    <Project Path="src/read/CascadeEsdm.ReadModel.Abstractions/CascadeEsdm.ReadModel.Abstractions.csproj" />
    <Project Path="src/read/CascadeEsdm.ReadModel/CascadeEsdm.ReadModel.csproj" />
  </Folder>
  <Folder Name="/4. Infrastructure/">
    <Project Path="src/infrastructure/CascadeEsdm.DistributedLocks/CascadeEsdm.DistributedLocks.csproj" />
    <Project Path="src/infrastructure/CascadeEsdm.Logging.OpenTelemetry/CascadeEsdm.Logging.OpenTelemetry.csproj" />
    <Project Path="src/infrastructure/CascadeEsdm.Storage.CosmosDb/CascadeEsdm.Storage.CosmosDb.csproj" />
  </Folder>
  <Folder Name="/5. Tools/">
    <Project Path="src/tools/CascadeEsdm.EventExtractor/CascadeEsdm.EventExtractor.csproj" />
  </Folder>
  <Folder Name="/Tests/">
    <Project Path="tests/CascadeEsdm.SharedKernel.UnitTests/CascadeEsdm.SharedKernel.UnitTests.csproj" />
    <Project Path="tests/CascadeEsdm.TestDomain/CascadeEsdm.TestDomain.csproj" />
    <Project Path="tests/CascadeEsdm.EventExtractor.Tests/CascadeEsdm.EventExtractor.Tests.csproj" />
    <Project Path="tests/CascadeEsdm.WriteModel.Tests/CascadeEsdm.WriteModel.Tests.csproj" />
  </Folder>
</Solution>
