<Solution>
  <Folder Name="/Write/">
    <Project Path="src/write/CascadeEsdm.WriteModel.Abstractions/CascadeEsdm.WriteModel.Abstractions.csproj" />
    <Project Path="src/write/CascadeEsdm.WriteModel/CascadeEsdm.WriteModel.csproj" />
  </Folder>
  <Folder Name="/Infrastructure/">
    <Project Path="src/infrastructure/CascadeEsdm.Storage.CosmosDb/CascadeEsdm.Storage.CosmosDb.csproj" />
  </Folder>
  <Folder Name="/Read/">
    <Project Path="src/read/CascadeEsdm.ReadModel.Abstractions/CascadeEsdm.ReadModel.Abstractions.csproj" />
    <Project Path="src/read/CascadeEsdm.ReadModel/CascadeEsdm.ReadModel.csproj" />
  </Folder>
  <Folder Name="/Shared/">
    <Project Path="src/shared/CascadeEsdm.SharedKernel.Abstractions/CascadeEsdm.SharedKernel.Abstractions.csproj" />
    <Project Path="src/shared/CascadeEsdm.SharedKernel/CascadeEsdm.SharedKernel.csproj" />
  </Folder>
  <Folder Name="/Tests/">
    <Project Path="tests/CascadeEsdm.WriteModel.Tests/CascadeEsdm.WriteModel.Tests.csproj" />
  </Folder>
</Solution>
